
Microsoft Visual Studio Solution File, Format Version 12.00
Project("{FAE04EC0-301F-11D3-BF4B-00C04F79EFBC}") = "Photy", "Photy\Photy.csproj", "{4080B6F1-AB6F-44FF-A50F-65F49D0A6828}"
EndProject
Project("{FAE04EC0-301F-11D3-BF4B-00C04F79EFBC}") = "Photy.Services.Environment", "Photy.Services.Environment\Photy.Services.Environment.csproj", "{5AF92122-C055-468C-8075-D91DED3EFBC4}"
EndProject
Global
	GlobalSection(SolutionConfigurationPlatforms) = preSolution
		Debug|Any CPU = Debug|Any CPU
		Release|Any CPU = Release|Any CPU
	EndGlobalSection
	GlobalSection(ProjectConfigurationPlatforms) = postSolution
		{4080B6F1-AB6F-44FF-A50F-65F49D0A6828}.Debug|Any CPU.ActiveCfg = Debug|Any CPU
		{4080B6F1-AB6F-44FF-A50F-65F49D0A6828}.Debug|Any CPU.Build.0 = Debug|Any CPU
		{4080B6F1-AB6F-44FF-A50F-65F49D0A6828}.Release|Any CPU.ActiveCfg = Release|Any CPU
		{4080B6F1-AB6F-44FF-A50F-65F49D0A6828}.Release|Any CPU.Build.0 = Release|Any CPU
		{5AF92122-C055-468C-8075-D91DED3EFBC4}.Debug|Any CPU.ActiveCfg = Debug|Any CPU
		{5AF92122-C055-468C-8075-D91DED3EFBC4}.Debug|Any CPU.Build.0 = Debug|Any CPU
		{5AF92122-C055-468C-8075-D91DED3EFBC4}.Release|Any CPU.ActiveCfg = Release|Any CPU
		{5AF92122-C055-468C-8075-D91DED3EFBC4}.Release|Any CPU.Build.0 = Release|Any CPU
	EndGlobalSection
EndGlobal
